
Microsoft Visual Studio Solution File, Format Version 12.00
# Visual Studio Version 17
VisualStudioVersion = 17.2.32526.322
MinimumVisualStudioVersion = 10.0.40219.1
Project("{FAE04EC0-301F-11D3-BF4B-00C04F79EFBC}") = "Alh.AllocatePayroll", "Alh.AllocatePayroll\Alh.AllocatePayroll.csproj", "{6A48C6C4-8EA6-4FCB-9919-0665DD6588BA}"
EndProject
Global
	GlobalSection(SolutionConfigurationPlatforms) = preSolution
		Debug|Any CPU = Debug|Any CPU
		Release|Any CPU = Release|Any CPU
	EndGlobalSection
	GlobalSection(ProjectConfigurationPlatforms) = postSolution
		{6A48C6C4-8EA6-4FCB-9919-0665DD6588BA}.Debug|Any CPU.ActiveCfg = Debug|Any CPU
		{6A48C6C4-8EA6-4FCB-9919-0665DD6588BA}.Debug|Any CPU.Build.0 = Debug|Any CPU
		{6A48C6C4-8EA6-4FCB-9919-0665DD6588BA}.Release|Any CPU.ActiveCfg = Release|Any CPU
		{6A48C6C4-8EA6-4FCB-9919-0665DD6588BA}.Release|Any CPU.Build.0 = Release|Any CPU
	EndGlobalSection
	GlobalSection(SolutionProperties) = preSolution
		HideSolutionNode = FALSE
	EndGlobalSection
	GlobalSection(ExtensibilityGlobals) = postSolution
		SolutionGuid = {9C15A54A-EC1F-4396-8C59-48CECA1A61FB}
	EndGlobalSection
EndGlobal
